
Microsoft Visual Studio Solution File, Format Version 12.00
# Visual Studio 15
VisualStudioVersion = 15.0.27825.0
MinimumVisualStudioVersion = 10.0.40219.1
Project("{FAE04EC0-301F-11D3-BF4B-00C04F79EFBC}") = "ScannerTest.Android", "ScannerTest\ScannerTest.Android\ScannerTest.Android.csproj", "{5FABD439-C0CC-450E-BD8F-B86C8386D0CD}"
EndProject
Project("{FAE04EC0-301F-11D3-BF4B-00C04F79EFBC}") = "ScannerTest.iOS", "ScannerTest\ScannerTest.iOS\ScannerTest.iOS.csproj", "{E83D91CE-B7B7-4B55-80DE-DB405A206605}"
EndProject
Project("{FAE04EC0-301F-11D3-BF4B-00C04F79EFBC}") = "ScannerTest", "ScannerTest\ScannerTest\ScannerTest.csproj", "{6F58A1D5-8040-467B-8D4C-4004BA00EB0C}"
EndProject
Global
	GlobalSection(SolutionConfigurationPlatforms) = preSolution
		Ad-Hoc|Any CPU = Ad-Hoc|Any CPU
		Ad-Hoc|iPhone = Ad-Hoc|iPhone
		Ad-Hoc|iPhoneSimulator = Ad-Hoc|iPhoneSimulator
		AppStore|Any CPU = AppStore|Any CPU
		AppStore|iPhone = AppStore|iPhone
		AppStore|iPhoneSimulator = AppStore|iPhoneSimulator
		Debug|Any CPU = Debug|Any CPU
		Debug|iPhone = Debug|iPhone
		Debug|iPhoneSimulator = Debug|iPhoneSimulator
		Release|Any CPU = Release|Any CPU
		Release|iPhone = Release|iPhone
		Release|iPhoneSimulator = Release|iPhoneSimulator
	EndGlobalSection
	GlobalSection(ProjectConfigurationPlatforms) = postSolution
		{5FABD439-C0CC-450E-BD8F-B86C8386D0CD}.Ad-Hoc|Any CPU.ActiveCfg = Release|Any CPU
		{5FABD439-C0CC-450E-BD8F-B86C8386D0CD}.Ad-Hoc|Any CPU.Build.0 = Release|Any CPU
		{5FABD439-C0CC-450E-BD8F-B86C8386D0CD}.Ad-Hoc|Any CPU.Deploy.0 = Release|Any CPU
		{5FABD439-C0CC-450E-BD8F-B86C8386D0CD}.Ad-Hoc|iPhone.ActiveCfg = Release|Any CPU
		{5FABD439-C0CC-450E-BD8F-B86C8386D0CD}.Ad-Hoc|iPhone.Build.0 = Release|Any CPU
		{5FABD439-C0CC-450E-BD8F-B86C8386D0CD}.Ad-Hoc|iPhone.Deploy.0 = Release|Any CPU
		{5FABD439-C0CC-450E-BD8F-B86C8386D0CD}.Ad-Hoc|iPhoneSimulator.ActiveCfg = Release|Any CPU
		{5FABD439-C0CC-450E-BD8F-B86C8386D0CD}.Ad-Hoc|iPhoneSimulator.Build.0 = Release|Any CPU
		{5FABD439-C0CC-450E-BD8F-B86C8386D0CD}.Ad-Hoc|iPhoneSimulator.Deploy.0 = Release|Any CPU
		{5FABD439-C0CC-450E-BD8F-B86C8386D0CD}.AppStore|Any CPU.ActiveCfg = Release|Any CPU
		{5FABD439-C0CC-450E-BD8F-B86C8386D0CD}.AppStore|Any CPU.Build.0 = Release|Any CPU
		{5FABD439-C0CC-450E-BD8F-B86C8386D0CD}.AppStore|Any CPU.Deploy.0 = Release|Any CPU
		{5FABD439-C0CC-450E-BD8F-B86C8386D0CD}.AppStore|iPhone.ActiveCfg = Release|Any CPU
		{5FABD439-C0CC-450E-BD8F-B86C8386D0CD}.AppStore|iPhone.Build.0 = Release|Any CPU
		{5FABD439-C0CC-450E-BD8F-B86C8386D0CD}.AppStore|iPhone.Deploy.0 = Release|Any CPU
		{5FABD439-C0CC-450E-BD8F-B86C8386D0CD}.AppStore|iPhoneSimulator.ActiveCfg = Release|Any CPU
		{5FABD439-C0CC-450E-BD8F-B86C8386D0CD}.AppStore|iPhoneSimulator.Build.0 = Release|Any CPU
		{5FABD439-C0CC-450E-BD8F-B86C8386D0CD}.AppStore|iPhoneSimulator.Deploy.0 = Release|Any CPU
		{5FABD439-C0CC-450E-BD8F-B86C8386D0CD}.Debug|Any CPU.ActiveCfg = Debug|Any CPU
		{5FABD439-C0CC-450E-BD8F-B86C8386D0CD}.Debug|Any CPU.Build.0 = Debug|Any CPU
		{5FABD439-C0CC-450E-BD8F-B86C8386D0CD}.Debug|Any CPU.Deploy.0 = Debug|Any CPU
		{5FABD439-C0CC-450E-BD8F-B86C8386D0CD}.Debug|iPhone.ActiveCfg = Debug|Any CPU
		{5FABD439-C0CC-450E-BD8F-B86C8386D0CD}.Debug|iPhone.Build.0 = Debug|Any CPU
		{5FABD439-C0CC-450E-BD8F-B86C8386D0CD}.Debug|iPhone.Deploy.0 = Debug|Any CPU
		{5FABD439-C0CC-450E-BD8F-B86C8386D0CD}.Debug|iPhoneSimulator.ActiveCfg = Debug|Any CPU
		{5FABD439-C0CC-450E-BD8F-B86C8386D0CD}.Debug|iPhoneSimulator.Build.0 = Debug|Any CPU
		{5FABD439-C0CC-450E-BD8F-B86C8386D0CD}.Debug|iPhoneSimulator.Deploy.0 = Debug|Any CPU
		{5FABD439-C0CC-450E-BD8F-B86C8386D0CD}.Release|Any CPU.ActiveCfg = Release|Any CPU
		{5FABD439-C0CC-450E-BD8F-B86C8386D0CD}.Release|Any CPU.Build.0 = Release|Any CPU
		{5FABD439-C0CC-450E-BD8F-B86C8386D0CD}.Release|Any CPU.Deploy.0 = Release|Any CPU
		{5FABD439-C0CC-450E-BD8F-B86C8386D0CD}.Release|iPhone.ActiveCfg = Release|Any CPU
		{5FABD439-C0CC-450E-BD8F-B86C8386D0CD}.Release|iPhone.Build.0 = Release|Any CPU
		{5FABD439-C0CC-450E-BD8F-B86C8386D0CD}.Release|iPhone.Deploy.0 = Release|Any CPU
		{5FABD439-C0CC-450E-BD8F-B86C8386D0CD}.Release|iPhoneSimulator.ActiveCfg = Release|Any CPU
		{5FABD439-C0CC-450E-BD8F-B86C8386D0CD}.Release|iPhoneSimulator.Build.0 = Release|Any CPU
		{5FABD439-C0CC-450E-BD8F-B86C8386D0CD}.Release|iPhoneSimulator.Deploy.0 = Release|Any CPU
		{E83D91CE-B7B7-4B55-80DE-DB405A206605}.Ad-Hoc|Any CPU.ActiveCfg = Ad-Hoc|iPhone
		{E83D91CE-B7B7-4B55-80DE-DB405A206605}.Ad-Hoc|Any CPU.Build.0 = Ad-Hoc|iPhone
		{E83D91CE-B7B7-4B55-80DE-DB405A206605}.Ad-Hoc|Any CPU.Deploy.0 = Ad-Hoc|iPhone
		{E83D91CE-B7B7-4B55-80DE-DB405A206605}.Ad-Hoc|iPhone.ActiveCfg = Ad-Hoc|iPhone
		{E83D91CE-B7B7-4B55-80DE-DB405A206605}.Ad-Hoc|iPhone.Build.0 = Ad-Hoc|iPhone
		{E83D91CE-B7B7-4B55-80DE-DB405A206605}.Ad-Hoc|iPhone.Deploy.0 = Ad-Hoc|iPhone
		{E83D91CE-B7B7-4B55-80DE-DB405A206605}.Ad-Hoc|iPhoneSimulator.ActiveCfg = Ad-Hoc|iPhoneSimulator
		{E83D91CE-B7B7-4B55-80DE-DB405A206605}.Ad-Hoc|iPhoneSimulator.Build.0 = Ad-Hoc|iPhoneSimulator
		{E83D91CE-B7B7-4B55-80DE-DB405A206605}.Ad-Hoc|iPhoneSimulator.Deploy.0 = Ad-Hoc|iPhoneSimulator
		{E83D91CE-B7B7-4B55-80DE-DB405A206605}.AppStore|Any CPU.ActiveCfg = AppStore|iPhone
		{E83D91CE-B7B7-4B55-80DE-DB405A206605}.AppStore|Any CPU.Build.0 = AppStore|iPhone
		{E83D91CE-B7B7-4B55-80DE-DB405A206605}.AppStore|Any CPU.Deploy.0 = AppStore|iPhone
		{E83D91CE-B7B7-4B55-80DE-DB405A206605}.AppStore|iPhone.ActiveCfg = AppStore|iPhone
		{E83D91CE-B7B7-4B55-80DE-DB405A206605}.AppStore|iPhone.Build.0 = AppStore|iPhone
		{E83D91CE-B7B7-4B55-80DE-DB405A206605}.AppStore|iPhone.Deploy.0 = AppStore|iPhone
		{E83D91CE-B7B7-4B55-80DE-DB405A206605}.AppStore|iPhoneSimulator.ActiveCfg = AppStore|iPhoneSimulator
		{E83D91CE-B7B7-4B55-80DE-DB405A206605}.AppStore|iPhoneSimulator.Build.0 = AppStore|iPhoneSimulator
		{E83D91CE-B7B7-4B55-80DE-DB405A206605}.AppStore|iPhoneSimulator.Deploy.0 = AppStore|iPhoneSimulator
		{E83D91CE-B7B7-4B55-80DE-DB405A206605}.Debug|Any CPU.ActiveCfg = Debug|iPhoneSimulator
		{E83D91CE-B7B7-4B55-80DE-DB405A206605}.Debug|Any CPU.Build.0 = Debug|iPhoneSimulator
		{E83D91CE-B7B7-4B55-80DE-DB405A206605}.Debug|Any CPU.Deploy.0 = Debug|iPhoneSimulator
		{E83D91CE-B7B7-4B55-80DE-DB405A206605}.Debug|iPhone.ActiveCfg = Debug|iPhone
		{E83D91CE-B7B7-4B55-80DE-DB405A206605}.Debug|iPhone.Build.0 = Debug|iPhone
		{E83D91CE-B7B7-4B55-80DE-DB405A206605}.Debug|iPhone.Deploy.0 = Debug|iPhone
		{E83D91CE-B7B7-4B55-80DE-DB405A206605}.Debug|iPhoneSimulator.ActiveCfg = Debug|iPhoneSimulator
		{E83D91CE-B7B7-4B55-80DE-DB405A206605}.Debug|iPhoneSimulator.Build.0 = Debug|iPhoneSimulator
		{E83D91CE-B7B7-4B55-80DE-DB405A206605}.Debug|iPhoneSimulator.Deploy.0 = Debug|iPhoneSimulator
		{E83D91CE-B7B7-4B55-80DE-DB405A206605}.Release|Any CPU.ActiveCfg = Release|iPhone
		{E83D91CE-B7B7-4B55-80DE-DB405A206605}.Release|Any CPU.Build.0 = Release|iPhone
		{E83D91CE-B7B7-4B55-80DE-DB405A206605}.Release|Any CPU.Deploy.0 = Release|iPhone
		{E83D91CE-B7B7-4B55-80DE-DB405A206605}.Release|iPhone.ActiveCfg = Release|iPhone
		{E83D91CE-B7B7-4B55-80DE-DB405A206605}.Release|iPhone.Build.0 = Release|iPhone
		{E83D91CE-B7B7-4B55-80DE-DB405A206605}.Release|iPhone.Deploy.0 = Release|iPhone
		{E83D91CE-B7B7-4B55-80DE-DB405A206605}.Release|iPhoneSimulator.ActiveCfg = Release|iPhoneSimulator
		{E83D91CE-B7B7-4B55-80DE-DB405A206605}.Release|iPhoneSimulator.Build.0 = Release|iPhoneSimulator
		{E83D91CE-B7B7-4B55-80DE-DB405A206605}.Release|iPhoneSimulator.Deploy.0 = Release|iPhoneSimulator
		{6F58A1D5-8040-467B-8D4C-4004BA00EB0C}.Ad-Hoc|Any CPU.ActiveCfg = Debug|Any CPU
		{6F58A1D5-8040-467B-8D4C-4004BA00EB0C}.Ad-Hoc|Any CPU.Build.0 = Debug|Any CPU
		{6F58A1D5-8040-467B-8D4C-4004BA00EB0C}.Ad-Hoc|Any CPU.Deploy.0 = Debug|Any CPU
		{6F58A1D5-8040-467B-8D4C-4004BA00EB0C}.Ad-Hoc|iPhone.ActiveCfg = Debug|Any CPU
		{6F58A1D5-8040-467B-8D4C-4004BA00EB0C}.Ad-Hoc|iPhone.Build.0 = Debug|Any CPU
		{6F58A1D5-8040-467B-8D4C-4004BA00EB0C}.Ad-Hoc|iPhone.Deploy.0 = Debug|Any CPU
		{6F58A1D5-8040-467B-8D4C-4004BA00EB0C}.Ad-Hoc|iPhoneSimulator.ActiveCfg = Debug|Any CPU
		{6F58A1D5-8040-467B-8D4C-4004BA00EB0C}.Ad-Hoc|iPhoneSimulator.Build.0 = Debug|Any CPU
		{6F58A1D5-8040-467B-8D4C-4004BA00EB0C}.Ad-Hoc|iPhoneSimulator.Deploy.0 = Debug|Any CPU
		{6F58A1D5-8040-467B-8D4C-4004BA00EB0C}.AppStore|Any CPU.ActiveCfg = Debug|Any CPU
		{6F58A1D5-8040-467B-8D4C-4004BA00EB0C}.AppStore|Any CPU.Build.0 = Debug|Any CPU
		{6F58A1D5-8040-467B-8D4C-4004BA00EB0C}.AppStore|Any CPU.Deploy.0 = Debug|Any CPU
		{6F58A1D5-8040-467B-8D4C-4004BA00EB0C}.AppStore|iPhone.ActiveCfg = Debug|Any CPU
		{6F58A1D5-8040-467B-8D4C-4004BA00EB0C}.AppStore|iPhone.Build.0 = Debug|Any CPU
		{6F58A1D5-8040-467B-8D4C-4004BA00EB0C}.AppStore|iPhone.Deploy.0 = Debug|Any CPU
		{6F58A1D5-8040-467B-8D4C-4004BA00EB0C}.AppStore|iPhoneSimulator.ActiveCfg = Debug|Any CPU
		{6F58A1D5-8040-467B-8D4C-4004BA00EB0C}.AppStore|iPhoneSimulator.Build.0 = Debug|Any CPU
		{6F58A1D5-8040-467B-8D4C-4004BA00EB0C}.AppStore|iPhoneSimulator.Deploy.0 = Debug|Any CPU
		{6F58A1D5-8040-467B-8D4C-4004BA00EB0C}.Debug|Any CPU.ActiveCfg = Debug|Any CPU
		{6F58A1D5-8040-467B-8D4C-4004BA00EB0C}.Debug|Any CPU.Build.0 = Debug|Any CPU
		{6F58A1D5-8040-467B-8D4C-4004BA00EB0C}.Debug|Any CPU.Deploy.0 = Debug|Any CPU
		{6F58A1D5-8040-467B-8D4C-4004BA00EB0C}.Debug|iPhone.ActiveCfg = Debug|Any CPU
		{6F58A1D5-8040-467B-8D4C-4004BA00EB0C}.Debug|iPhone.Build.0 = Debug|Any CPU
		{6F58A1D5-8040-467B-8D4C-4004BA00EB0C}.Debug|iPhone.Deploy.0 = Debug|Any CPU
		{6F58A1D5-8040-467B-8D4C-4004BA00EB0C}.Debug|iPhoneSimulator.ActiveCfg = Debug|Any CPU
		{6F58A1D5-8040-467B-8D4C-4004BA00EB0C}.Debug|iPhoneSimulator.Build.0 = Debug|Any CPU
		{6F58A1D5-8040-467B-8D4C-4004BA00EB0C}.Debug|iPhoneSimulator.Deploy.0 = Debug|Any CPU
		{6F58A1D5-8040-467B-8D4C-4004BA00EB0C}.Release|Any CPU.ActiveCfg = Release|Any CPU
		{6F58A1D5-8040-467B-8D4C-4004BA00EB0C}.Release|Any CPU.Build.0 = Release|Any CPU
		{6F58A1D5-8040-467B-8D4C-4004BA00EB0C}.Release|Any CPU.Deploy.0 = Release|Any CPU
		{6F58A1D5-8040-467B-8D4C-4004BA00EB0C}.Release|iPhone.ActiveCfg = Release|Any CPU
		{6F58A1D5-8040-467B-8D4C-4004BA00EB0C}.Release|iPhone.Build.0 = Release|Any CPU
		{6F58A1D5-8040-467B-8D4C-4004BA00EB0C}.Release|iPhone.Deploy.0 = Release|Any CPU
		{6F58A1D5-8040-467B-8D4C-4004BA00EB0C}.Release|iPhoneSimulator.ActiveCfg = Release|Any CPU
		{6F58A1D5-8040-467B-8D4C-4004BA00EB0C}.Release|iPhoneSimulator.Build.0 = Release|Any CPU
		{6F58A1D5-8040-467B-8D4C-4004BA00EB0C}.Release|iPhoneSimulator.Deploy.0 = Release|Any CPU
	EndGlobalSection
	GlobalSection(SolutionProperties) = preSolution
		HideSolutionNode = FALSE
	EndGlobalSection
	GlobalSection(ExtensibilityGlobals) = postSolution
		SolutionGuid = {F8E651E8-1BF6-471C-89B6-D18E331709F7}
	EndGlobalSection
EndGlobal
